{
  "originHash" : "24f9d7c62547e922c79136f01d479d912aaee7025cb460191b19500d6464b313",
  "pins" : [
    {
      "identity" : "dittopresenceviewercore",
      "kind" : "remoteSourceControl",
      "location" : "https://github.com/getditto/DittoPresenceViewerCore.git",
      "state" : {
        "revision" : "4e8a4f131c21926194ac1dfad2333d9a6aef368a",
        "version" : "2.1.2"
      }
    },
    {
      "identity" : "dittoswiftpackage",
      "kind" : "remoteSourceControl",
      "location" : "https://github.com/getditto/DittoSwiftPackage",
      "state" : {
        "revision" : "901434cab6ada9a3b2f14fb719d3ca92a7cf5d7d",
        "version" : "4.12.1"
      }
    },
    {
      "identity" : "dittoswifttools",
      "kind" : "remoteSourceControl",
      "location" : "https://github.com/getditto/DittoSwiftTools",
      "state" : {
        "branch" : "main",
        "revision" : "f601f821a32e754d918ce579729fcf5e8fa61d1e"
      }
    },
    {
      "identity" : "fakery",
      "kind" : "remoteSourceControl",
      "location" : "https://github.com/vadymmarkov/Fakery",
      "state" : {
        "revision" : "71cb3bf36a808534659d1248780c2bf3c4c4fc91",
        "version" : "5.1.0"
      }
    },
    {
      "identity" : "swift-collections",
      "kind" : "remoteSourceControl",
      "location" : "https://github.com/apple/swift-collections",
      "state" : {
        "revision" : "8c0c0a8b49e080e54e5e328cc552821ff07cd341",
        "version" : "1.2.1"
      }
    }
  ],
  "version" : 3
}
